
Microsoft Visual Studio Solution File, Format Version 12.00
# Visual Studio Version 16
VisualStudioVersion = 16.0.31424.327
MinimumVisualStudioVersion = 10.0.40219.1
Project("{FAE04EC0-301F-11D3-BF4B-00C04F79EFBC}") = "Git", "Git.csproj", "{E913E57A-F1A0-4D2F-AC14-888CFA355670}"
EndProject
Global
	GlobalSection(SolutionConfigurationPlatforms) = preSolution
		Debug|Any CPU = Debug|Any CPU
		Release|Any CPU = Release|Any CPU
	EndGlobalSection
	GlobalSection(ProjectConfigurationPlatforms) = postSolution
		{E913E57A-F1A0-4D2F-AC14-888CFA355670}.Debug|Any CPU.ActiveCfg = Debug|Any CPU
		{E913E57A-F1A0-4D2F-AC14-888CFA355670}.Debug|Any CPU.Build.0 = Debug|Any CPU
		{E913E57A-F1A0-4D2F-AC14-888CFA355670}.Release|Any CPU.ActiveCfg = Release|Any CPU
		{E913E57A-F1A0-4D2F-AC14-888CFA355670}.Release|Any CPU.Build.0 = Release|Any CPU
	EndGlobalSection
	GlobalSection(SolutionProperties) = preSolution
		HideSolutionNode = FALSE
	EndGlobalSection
	GlobalSection(ExtensibilityGlobals) = postSolution
		SolutionGuid = {470EDCEB-D465-487D-B944-6F1041579BB5}
	EndGlobalSection
EndGlobal
